
Microsoft Visual Studio Solution File, Format Version 12.00
# Visual Studio 15
VisualStudioVersion = 15.0.28307.136
MinimumVisualStudioVersion = 10.0.40219.1
Project("{9A19103F-16F7-4668-BE54-9A1E7A4F7556}") = "Ct.Interview.Web.Api", "Source\Ct.Interview.Web.Api\Ct.Interview.Web.Api.csproj", "{D9FBBD6F-E352-4FF9-9A20-7AE39B450357}"
EndProject
Project("{FAE04EC0-301F-11D3-BF4B-00C04F79EFBC}") = "ct-interview-tests", "Source\ct-interview-tests\ct-interview-tests.csproj", "{CDA46FE5-D798-446F-8809-3B2DB85E3C86}"
EndProject
Global
	GlobalSection(SolutionConfigurationPlatforms) = preSolution
		Debug|Any CPU = Debug|Any CPU
		Release|Any CPU = Release|Any CPU
	EndGlobalSection
	GlobalSection(ProjectConfigurationPlatforms) = postSolution
		{D9FBBD6F-E352-4FF9-9A20-7AE39B450357}.Debug|Any CPU.ActiveCfg = Debug|Any CPU
		{D9FBBD6F-E352-4FF9-9A20-7AE39B450357}.Debug|Any CPU.Build.0 = Debug|Any CPU
		{D9FBBD6F-E352-4FF9-9A20-7AE39B450357}.Release|Any CPU.ActiveCfg = Release|Any CPU
		{D9FBBD6F-E352-4FF9-9A20-7AE39B450357}.Release|Any CPU.Build.0 = Release|Any CPU
		{CDA46FE5-D798-446F-8809-3B2DB85E3C86}.Debug|Any CPU.ActiveCfg = Debug|Any CPU
		{CDA46FE5-D798-446F-8809-3B2DB85E3C86}.Debug|Any CPU.Build.0 = Debug|Any CPU
		{CDA46FE5-D798-446F-8809-3B2DB85E3C86}.Release|Any CPU.ActiveCfg = Release|Any CPU
		{CDA46FE5-D798-446F-8809-3B2DB85E3C86}.Release|Any CPU.Build.0 = Release|Any CPU
	EndGlobalSection
	GlobalSection(SolutionProperties) = preSolution
		HideSolutionNode = FALSE
	EndGlobalSection
	GlobalSection(ExtensibilityGlobals) = postSolution
		SolutionGuid = {95D391FF-E9CA-43A0-BDC3-2E0211F151A1}
	EndGlobalSection
EndGlobal
